
Microsoft Visual Studio Solution File, Format Version 12.00
# Visual Studio Version 17
VisualStudioVersion = 17.3.32901.215
MinimumVisualStudioVersion = 10.0.40219.1
Project("{9A19103F-16F7-4668-BE54-9A1E7A4F7556}") = "Opgave01", "opgaver\Opgave01.csproj", "{9E4086A0-689E-4068-8CD9-CF50E7584E24}"
EndProject
Project("{9A19103F-16F7-4668-BE54-9A1E7A4F7556}") = "Opgave02", "Opgave02\Opgave02.csproj", "{9E5151F7-37FE-4245-BDCA-AF1868497E81}"
EndProject
Project("{9A19103F-16F7-4668-BE54-9A1E7A4F7556}") = "Opgave03", "Opgave03\Opgave03.csproj", "{9BA891C3-4A09-45E4-8146-6C6E1478E612}"
EndProject
Project("{9A19103F-16F7-4668-BE54-9A1E7A4F7556}") = "Opgave04", "Opgave04\Opgave04.csproj", "{E4ED203F-19B1-479F-86EA-0E6BCB720AA7}"
EndProject
Project("{9A19103F-16F7-4668-BE54-9A1E7A4F7556}") = "Opgave05", "Opgave05\Opgave05.csproj", "{8A34FDDB-E514-4034-BA2E-52FF97034B5C}"
EndProject
Project("{9A19103F-16F7-4668-BE54-9A1E7A4F7556}") = "Opgave06", "Opgave06\Opgave06.csproj", "{CD5D062D-9348-45C8-A6F1-5004DCEE4B96}"
EndProject
Project("{9A19103F-16F7-4668-BE54-9A1E7A4F7556}") = "Opgave07", "Opgave07\Opgave07.csproj", "{1FC1017D-96EE-448B-910C-43FB811BF480}"
EndProject
Project("{9A19103F-16F7-4668-BE54-9A1E7A4F7556}") = "Opgave08", "Opgave08\Opgave08.csproj", "{A39A38C7-13BC-4C93-819C-D988436B87A6}"
EndProject
Project("{9A19103F-16F7-4668-BE54-9A1E7A4F7556}") = "Opgave09", "Opgave09\Opgave09.csproj", "{6DE41A41-7647-4AB2-AD60-A7F248126DF7}"
EndProject
Project("{9A19103F-16F7-4668-BE54-9A1E7A4F7556}") = "Opgave10", "Opgave10\Opgave10.csproj", "{472D3AB8-FC4F-46D4-84D3-7308D44A06A2}"
EndProject
Project("{9A19103F-16F7-4668-BE54-9A1E7A4F7556}") = "Opgave11", "Opgave11\Opgave11.csproj", "{8FC2F160-6F6A-4AC0-9B7E-7D6DEC92D1D0}"
EndProject
Project("{9A19103F-16F7-4668-BE54-9A1E7A4F7556}") = "Opgave12", "Opgave12\Opgave12.csproj", "{17A69343-EAA5-444E-9032-BDF27257A659}"
EndProject
Project("{9A19103F-16F7-4668-BE54-9A1E7A4F7556}") = "Opgave_Løkker01", "Opgave_Løkker01\Opgave_Løkker01.csproj", "{5A99DF30-A050-41AE-B909-97C1EB53B48C}"
EndProject
Project("{9A19103F-16F7-4668-BE54-9A1E7A4F7556}") = "Opgave13", "Opgave13\Opgave13.csproj", "{E7D93FF6-7741-4DBE-9910-D44CA8661433}"
EndProject
Project("{9A19103F-16F7-4668-BE54-9A1E7A4F7556}") = "Opgave14", "Opgave14\Opgave14.csproj", "{FDE39275-BF5E-4B36-A143-153BF8B14272}"
EndProject
Project("{9A19103F-16F7-4668-BE54-9A1E7A4F7556}") = "Opgave15", "Opgave15\Opgave15.csproj", "{649A511F-AF32-422B-8A05-7C1211853B20}"
EndProject
Project("{9A19103F-16F7-4668-BE54-9A1E7A4F7556}") = "Opgave16", "Opgave16\Opgave16.csproj", "{763B33AE-C37C-444D-A622-900AA1755379}"
EndProject
Project("{9A19103F-16F7-4668-BE54-9A1E7A4F7556}") = "Opgave17", "Opgave17\Opgave17.csproj", "{5372CFF8-6053-40BF-B964-BB71A357380D}"
EndProject
Project("{FAE04EC0-301F-11D3-BF4B-00C04F79EFBC}") = "Opgave18", "Opgave18\Opgave18.csproj", "{40A31433-3D4E-45DA-995A-B7A446CFEB94}"
EndProject
Global
	GlobalSection(SolutionConfigurationPlatforms) = preSolution
		Debug|Any CPU = Debug|Any CPU
		Release|Any CPU = Release|Any CPU
	EndGlobalSection
	GlobalSection(ProjectConfigurationPlatforms) = postSolution
		{9E4086A0-689E-4068-8CD9-CF50E7584E24}.Debug|Any CPU.ActiveCfg = Debug|Any CPU
		{9E4086A0-689E-4068-8CD9-CF50E7584E24}.Debug|Any CPU.Build.0 = Debug|Any CPU
		{9E4086A0-689E-4068-8CD9-CF50E7584E24}.Release|Any CPU.ActiveCfg = Release|Any CPU
		{9E4086A0-689E-4068-8CD9-CF50E7584E24}.Release|Any CPU.Build.0 = Release|Any CPU
		{9E5151F7-37FE-4245-BDCA-AF1868497E81}.Debug|Any CPU.ActiveCfg = Debug|Any CPU
		{9E5151F7-37FE-4245-BDCA-AF1868497E81}.Debug|Any CPU.Build.0 = Debug|Any CPU
		{9E5151F7-37FE-4245-BDCA-AF1868497E81}.Release|Any CPU.ActiveCfg = Release|Any CPU
		{9E5151F7-37FE-4245-BDCA-AF1868497E81}.Release|Any CPU.Build.0 = Release|Any CPU
		{9BA891C3-4A09-45E4-8146-6C6E1478E612}.Debug|Any CPU.ActiveCfg = Debug|Any CPU
		{9BA891C3-4A09-45E4-8146-6C6E1478E612}.Debug|Any CPU.Build.0 = Debug|Any CPU
		{9BA891C3-4A09-45E4-8146-6C6E1478E612}.Release|Any CPU.ActiveCfg = Release|Any CPU
		{9BA891C3-4A09-45E4-8146-6C6E1478E612}.Release|Any CPU.Build.0 = Release|Any CPU
		{E4ED203F-19B1-479F-86EA-0E6BCB720AA7}.Debug|Any CPU.ActiveCfg = Debug|Any CPU
		{E4ED203F-19B1-479F-86EA-0E6BCB720AA7}.Debug|Any CPU.Build.0 = Debug|Any CPU
		{E4ED203F-19B1-479F-86EA-0E6BCB720AA7}.Release|Any CPU.ActiveCfg = Release|Any CPU
		{E4ED203F-19B1-479F-86EA-0E6BCB720AA7}.Release|Any CPU.Build.0 = Release|Any CPU
		{8A34FDDB-E514-4034-BA2E-52FF97034B5C}.Debug|Any CPU.ActiveCfg = Debug|Any CPU
		{8A34FDDB-E514-4034-BA2E-52FF97034B5C}.Debug|Any CPU.Build.0 = Debug|Any CPU
		{8A34FDDB-E514-4034-BA2E-52FF97034B5C}.Release|Any CPU.ActiveCfg = Release|Any CPU
		{8A34FDDB-E514-4034-BA2E-52FF97034B5C}.Release|Any CPU.Build.0 = Release|Any CPU
		{CD5D062D-9348-45C8-A6F1-5004DCEE4B96}.Debug|Any CPU.ActiveCfg = Debug|Any CPU
		{CD5D062D-9348-45C8-A6F1-5004DCEE4B96}.Debug|Any CPU.Build.0 = Debug|Any CPU
		{CD5D062D-9348-45C8-A6F1-5004DCEE4B96}.Release|Any CPU.ActiveCfg = Release|Any CPU
		{CD5D062D-9348-45C8-A6F1-5004DCEE4B96}.Release|Any CPU.Build.0 = Release|Any CPU
		{1FC1017D-96EE-448B-910C-43FB811BF480}.Debug|Any CPU.ActiveCfg = Debug|Any CPU
		{1FC1017D-96EE-448B-910C-43FB811BF480}.Debug|Any CPU.Build.0 = Debug|Any CPU
		{1FC1017D-96EE-448B-910C-43FB811BF480}.Release|Any CPU.ActiveCfg = Release|Any CPU
		{1FC1017D-96EE-448B-910C-43FB811BF480}.Release|Any CPU.Build.0 = Release|Any CPU
		{A39A38C7-13BC-4C93-819C-D988436B87A6}.Debug|Any CPU.ActiveCfg = Debug|Any CPU
		{A39A38C7-13BC-4C93-819C-D988436B87A6}.Debug|Any CPU.Build.0 = Debug|Any CPU
		{A39A38C7-13BC-4C93-819C-D988436B87A6}.Release|Any CPU.ActiveCfg = Release|Any CPU
		{A39A38C7-13BC-4C93-819C-D988436B87A6}.Release|Any CPU.Build.0 = Release|Any CPU
		{6DE41A41-7647-4AB2-AD60-A7F248126DF7}.Debug|Any CPU.ActiveCfg = Debug|Any CPU
		{6DE41A41-7647-4AB2-AD60-A7F248126DF7}.Debug|Any CPU.Build.0 = Debug|Any CPU
		{6DE41A41-7647-4AB2-AD60-A7F248126DF7}.Release|Any CPU.ActiveCfg = Release|Any CPU
		{6DE41A41-7647-4AB2-AD60-A7F248126DF7}.Release|Any CPU.Build.0 = Release|Any CPU
		{472D3AB8-FC4F-46D4-84D3-7308D44A06A2}.Debug|Any CPU.ActiveCfg = Debug|Any CPU
		{472D3AB8-FC4F-46D4-84D3-7308D44A06A2}.Debug|Any CPU.Build.0 = Debug|Any CPU
		{472D3AB8-FC4F-46D4-84D3-7308D44A06A2}.Release|Any CPU.ActiveCfg = Release|Any CPU
		{472D3AB8-FC4F-46D4-84D3-7308D44A06A2}.Release|Any CPU.Build.0 = Release|Any CPU
		{8FC2F160-6F6A-4AC0-9B7E-7D6DEC92D1D0}.Debug|Any CPU.ActiveCfg = Debug|Any CPU
		{8FC2F160-6F6A-4AC0-9B7E-7D6DEC92D1D0}.Debug|Any CPU.Build.0 = Debug|Any CPU
		{8FC2F160-6F6A-4AC0-9B7E-7D6DEC92D1D0}.Release|Any CPU.ActiveCfg = Release|Any CPU
		{8FC2F160-6F6A-4AC0-9B7E-7D6DEC92D1D0}.Release|Any CPU.Build.0 = Release|Any CPU
		{17A69343-EAA5-444E-9032-BDF27257A659}.Debug|Any CPU.ActiveCfg = Debug|Any CPU
		{17A69343-EAA5-444E-9032-BDF27257A659}.Debug|Any CPU.Build.0 = Debug|Any CPU
		{17A69343-EAA5-444E-9032-BDF27257A659}.Release|Any CPU.ActiveCfg = Release|Any CPU
		{17A69343-EAA5-444E-9032-BDF27257A659}.Release|Any CPU.Build.0 = Release|Any CPU
		{5A99DF30-A050-41AE-B909-97C1EB53B48C}.Debug|Any CPU.ActiveCfg = Debug|Any CPU
		{5A99DF30-A050-41AE-B909-97C1EB53B48C}.Debug|Any CPU.Build.0 = Debug|Any CPU
		{5A99DF30-A050-41AE-B909-97C1EB53B48C}.Release|Any CPU.ActiveCfg = Release|Any CPU
		{5A99DF30-A050-41AE-B909-97C1EB53B48C}.Release|Any CPU.Build.0 = Release|Any CPU
		{E7D93FF6-7741-4DBE-9910-D44CA8661433}.Debug|Any CPU.ActiveCfg = Debug|Any CPU
		{E7D93FF6-7741-4DBE-9910-D44CA8661433}.Debug|Any CPU.Build.0 = Debug|Any CPU
		{E7D93FF6-7741-4DBE-9910-D44CA8661433}.Release|Any CPU.ActiveCfg = Release|Any CPU
		{E7D93FF6-7741-4DBE-9910-D44CA8661433}.Release|Any CPU.Build.0 = Release|Any CPU
		{FDE39275-BF5E-4B36-A143-153BF8B14272}.Debug|Any CPU.ActiveCfg = Debug|Any CPU
		{FDE39275-BF5E-4B36-A143-153BF8B14272}.Debug|Any CPU.Build.0 = Debug|Any CPU
		{FDE39275-BF5E-4B36-A143-153BF8B14272}.Release|Any CPU.ActiveCfg = Release|Any CPU
		{FDE39275-BF5E-4B36-A143-153BF8B14272}.Release|Any CPU.Build.0 = Release|Any CPU
		{649A511F-AF32-422B-8A05-7C1211853B20}.Debug|Any CPU.ActiveCfg = Debug|Any CPU
		{649A511F-AF32-422B-8A05-7C1211853B20}.Debug|Any CPU.Build.0 = Debug|Any CPU
		{649A511F-AF32-422B-8A05-7C1211853B20}.Release|Any CPU.ActiveCfg = Release|Any CPU
		{649A511F-AF32-422B-8A05-7C1211853B20}.Release|Any CPU.Build.0 = Release|Any CPU
		{763B33AE-C37C-444D-A622-900AA1755379}.Debug|Any CPU.ActiveCfg = Debug|Any CPU
		{763B33AE-C37C-444D-A622-900AA1755379}.Debug|Any CPU.Build.0 = Debug|Any CPU
		{763B33AE-C37C-444D-A622-900AA1755379}.Release|Any CPU.ActiveCfg = Release|Any CPU
		{763B33AE-C37C-444D-A622-900AA1755379}.Release|Any CPU.Build.0 = Release|Any CPU
		{5372CFF8-6053-40BF-B964-BB71A357380D}.Debug|Any CPU.ActiveCfg = Debug|Any CPU
		{5372CFF8-6053-40BF-B964-BB71A357380D}.Debug|Any CPU.Build.0 = Debug|Any CPU
		{5372CFF8-6053-40BF-B964-BB71A357380D}.Release|Any CPU.ActiveCfg = Release|Any CPU
		{5372CFF8-6053-40BF-B964-BB71A357380D}.Release|Any CPU.Build.0 = Release|Any CPU
		{40A31433-3D4E-45DA-995A-B7A446CFEB94}.Debug|Any CPU.ActiveCfg = Debug|Any CPU
		{40A31433-3D4E-45DA-995A-B7A446CFEB94}.Debug|Any CPU.Build.0 = Debug|Any CPU
		{40A31433-3D4E-45DA-995A-B7A446CFEB94}.Release|Any CPU.ActiveCfg = Release|Any CPU
		{40A31433-3D4E-45DA-995A-B7A446CFEB94}.Release|Any CPU.Build.0 = Release|Any CPU
	EndGlobalSection
	GlobalSection(SolutionProperties) = preSolution
		HideSolutionNode = FALSE
	EndGlobalSection
	GlobalSection(ExtensibilityGlobals) = postSolution
		SolutionGuid = {F5132397-1F70-4C0F-A4E2-E2797012077D}
	EndGlobalSection
EndGlobal
